
Microsoft Visual Studio Solution File, Format Version 12.00
# Visual Studio Version 17
VisualStudioVersion = 17.8.34309.116
MinimumVisualStudioVersion = 10.0.40219.1
Project("{9A19103F-16F7-4668-BE54-9A1E7A4F7556}") = "Employee_Management_System", "Employee_Management_System\Employee_Management_System.csproj", "{1671E9AC-FE6A-4925-9C6E-FEFF13AD0566}"
EndProject
Global
	GlobalSection(SolutionConfigurationPlatforms) = preSolution
		Debug|Any CPU = Debug|Any CPU
		Release|Any CPU = Release|Any CPU
	EndGlobalSection
	GlobalSection(ProjectConfigurationPlatforms) = postSolution
		{1671E9AC-FE6A-4925-9C6E-FEFF13AD0566}.Debug|Any CPU.ActiveCfg = Debug|Any CPU
		{1671E9AC-FE6A-4925-9C6E-FEFF13AD0566}.Debug|Any CPU.Build.0 = Debug|Any CPU
		{1671E9AC-FE6A-4925-9C6E-FEFF13AD0566}.Release|Any CPU.ActiveCfg = Release|Any CPU
		{1671E9AC-FE6A-4925-9C6E-FEFF13AD0566}.Release|Any CPU.Build.0 = Release|Any CPU
	EndGlobalSection
	GlobalSection(SolutionProperties) = preSolution
		HideSolutionNode = FALSE
	EndGlobalSection
	GlobalSection(ExtensibilityGlobals) = postSolution
		SolutionGuid = {F2C5056F-8769-4017-82C3-492EEA8EFAE0}
	EndGlobalSection
EndGlobal
